
Microsoft Visual Studio Solution File, Format Version 12.00
# Visual Studio Version 17
VisualStudioVersion = 17.10.35027.167
MinimumVisualStudioVersion = 10.0.40219.1
Project("{FAE04EC0-301F-11D3-BF4B-00C04F79EFBC}") = "ORM-Ecommerce-MiniConsoleApp", "ORM-Ecommerce-MiniConsoleApp\ORM-Ecommerce-MiniConsoleApp.csproj", "{30106D71-3AFE-4DDE-BDA2-BA63C93F81A2}"
EndProject
Global
	GlobalSection(SolutionConfigurationPlatforms) = preSolution
		Debug|Any CPU = Debug|Any CPU
		Release|Any CPU = Release|Any CPU
	EndGlobalSection
	GlobalSection(ProjectConfigurationPlatforms) = postSolution
		{30106D71-3AFE-4DDE-BDA2-BA63C93F81A2}.Debug|Any CPU.ActiveCfg = Debug|Any CPU
		{30106D71-3AFE-4DDE-BDA2-BA63C93F81A2}.Debug|Any CPU.Build.0 = Debug|Any CPU
		{30106D71-3AFE-4DDE-BDA2-BA63C93F81A2}.Release|Any CPU.ActiveCfg = Release|Any CPU
		{30106D71-3AFE-4DDE-BDA2-BA63C93F81A2}.Release|Any CPU.Build.0 = Release|Any CPU
	EndGlobalSection
	GlobalSection(SolutionProperties) = preSolution
		HideSolutionNode = FALSE
	EndGlobalSection
	GlobalSection(ExtensibilityGlobals) = postSolution
		SolutionGuid = {3B6794DF-6DD5-4999-977B-6F2C44BD00DF}
	EndGlobalSection
EndGlobal
